{
  "name": "driver-location-analytics-service",
  "lockfileVersion": 2,
  "requires": true,
  "packages": {
    "": {
      "dependencies": {
        "heatmap.js": "^2.0.5"
      }
    },
    "node_modules/heatmap.js": {
      "version": "2.0.5",
      "resolved": "https://registry.npmjs.org/heatmap.js/-/heatmap.js-2.0.5.tgz",
      "integrity": "sha1-Rm07hlE/XUkRKknSVwCrJzAUkVM="
    }
  },
  "dependencies": {
    "heatmap.js": {
      "version": "2.0.5",
      "resolved": "https://registry.npmjs.org/heatmap.js/-/heatmap.js-2.0.5.tgz",
      "integrity": "sha1-Rm07hlE/XUkRKknSVwCrJzAUkVM="
    }
  }
}
